lockfileVersion: '6.0'

settings:
  autoInstallPeers: true
  excludeLinksFromLockfile: false

dependencies:
  '@clack/prompts':
    specifier: ^0.7.0
    version: 0.7.0

devDependencies:
  '@biomejs/biome':
    specifier: 1.6.4
    version: 1.6.4
  '@types/node':
    specifier: ^20.12.7
    version: 20.12.7
  typescript:
    specifier: ^5.4.5
    version: 5.4.5

packages:

  /@biomejs/biome@1.6.4:
    resolution: {integrity: sha512-3groVd2oWsLC0ZU+XXgHSNbq31lUcOCBkCcA7sAQGBopHcmL+jmmdoWlY3S61zIh+f2mqQTQte1g6PZKb3JJjA==}
    engines: {node: '>=14.21.3'}
    hasBin: true
    requiresBuild: true
    optionalDependencies:
      '@biomejs/cli-darwin-arm64': 1.6.4
      '@biomejs/cli-darwin-x64': 1.6.4
      '@biomejs/cli-linux-arm64': 1.6.4
      '@biomejs/cli-linux-arm64-musl': 1.6.4
      '@biomejs/cli-linux-x64': 1.6.4
      '@biomejs/cli-linux-x64-musl': 1.6.4
      '@biomejs/cli-win32-arm64': 1.6.4
      '@biomejs/cli-win32-x64': 1.6.4
    dev: true

  /@biomejs/cli-darwin-arm64@1.6.4:
    resolution: {integrity: sha512-2WZef8byI9NRzGajGj5RTrroW9BxtfbP9etigW1QGAtwu/6+cLkdPOWRAs7uFtaxBNiKFYA8j/BxV5zeAo5QOQ==}
    engines: {node: '>=14.21.3'}
    cpu: [arm64]
    os: [darwin]
    requiresBuild: true
    dev: true
    optional: true

  /@biomejs/cli-darwin-x64@1.6.4:
    resolution: {integrity: sha512-uo1zgM7jvzcoDpF6dbGizejDLCqNpUIRkCj/oEK0PB0NUw8re/cn1EnxuOLZqDpn+8G75COLQTOx8UQIBBN/Kg==}
    engines: {node: '>=14.21.3'}
    cpu: [x64]
    os: [darwin]
    requiresBuild: true
    dev: true
    optional: true

  /@biomejs/cli-linux-arm64-musl@1.6.4:
    resolution: {integrity: sha512-Hp8Jwt6rjj0wCcYAEN6/cfwrrPLLlGOXZ56Lei4Pt4jy39+UuPeAVFPeclrrCfxyL1wQ2xPrhd/saTHSL6DoJg==}
    engines: {node: '>=14.21.3'}
    cpu: [arm64]
    os: [linux]
    requiresBuild: true
    dev: true
    optional: true

  /@biomejs/cli-linux-arm64@1.6.4:
    resolution: {integrity: sha512-wAOieaMNIpLrxGc2/xNvM//CIZg7ueWy3V5A4T7gDZ3OL/Go27EKE59a+vMKsBCYmTt7jFl4yHz0TUkUbodA/w==}
    engines: {node: '>=14.21.3'}
    cpu: [arm64]
    os: [linux]
    requiresBuild: true
    dev: true
    optional: true

  /@biomejs/cli-linux-x64-musl@1.6.4:
    resolution: {integrity: sha512-wqi0hr8KAx5kBO0B+m5u8QqiYFFBJOSJVSuRqTeGWW+GYLVUtXNidykNqf1JsW6jJDpbkSp2xHKE/bTlVaG2Kg==}
    engines: {node: '>=14.21.3'}
    cpu: [x64]
    os: [linux]
    requiresBuild: true
    dev: true
    optional: true

  /@biomejs/cli-linux-x64@1.6.4:
    resolution: {integrity: sha512-qTWhuIw+/ePvOkjE9Zxf5OqSCYxtAvcTJtVmZT8YQnmY2I62JKNV2m7tf6O5ViKZUOP0mOQ6NgqHKcHH1eT8jw==}
    engines: {node: '>=14.21.3'}
    cpu: [x64]
    os: [linux]
    requiresBuild: true
    dev: true
    optional: true

  /@biomejs/cli-win32-arm64@1.6.4:
    resolution: {integrity: sha512-Wp3FiEeF6v6C5qMfLkHwf4YsoNHr/n0efvoC8jCKO/kX05OXaVExj+1uVQ1eGT7Pvx0XVm/TLprRO0vq/V6UzA==}
    engines: {node: '>=14.21.3'}
    cpu: [arm64]
    os: [win32]
    requiresBuild: true
    dev: true
    optional: true

  /@biomejs/cli-win32-x64@1.6.4:
    resolution: {integrity: sha512-mz183Di5hTSGP7KjNWEhivcP1wnHLGmOxEROvoFsIxMYtDhzJDad4k5gI/1JbmA0xe4n52vsgqo09tBhrMT/Zg==}
    engines: {node: '>=14.21.3'}
    cpu: [x64]
    os: [win32]
    requiresBuild: true
    dev: true
    optional: true

  /@clack/core@0.3.4:
    resolution: {integrity: sha512-H4hxZDXgHtWTwV3RAVenqcC4VbJZNegbBjlPvzOzCouXtS2y3sDvlO3IsbrPNWuLWPPlYVYPghQdSF64683Ldw==}
    dependencies:
      picocolors: 1.0.0
      sisteransi: 1.0.5
    dev: false

  /@clack/prompts@0.7.0:
    resolution: {integrity: sha512-0MhX9/B4iL6Re04jPrttDm+BsP8y6mS7byuv0BvXgdXhbV5PdlsHt55dvNsuBCPZ7xq1oTAOOuotR9NFbQyMSA==}
    dependencies:
      '@clack/core': 0.3.4
      picocolors: 1.0.0
      sisteransi: 1.0.5
    dev: false
    bundledDependencies:
      - is-unicode-supported

  /@types/node@20.12.7:
    resolution: {integrity: sha512-wq0cICSkRLVaf3UGLMGItu/PtdY7oaXaI/RVU+xliKVOtRna3PRY57ZDfztpDL0n11vfymMUnXv8QwYCO7L1wg==}
    dependencies:
      undici-types: 5.26.5
    dev: true

  /picocolors@1.0.0:
    resolution: {integrity: sha512-1fygroTLlHu66zi26VoTDv8yRgm0Fccecssto+MhsZ0D/DGW2sm8E8AjW7NU5VVTRt5GxbeZ5qBuJr+HyLYkjQ==}
    dev: false

  /sisteransi@1.0.5:
    resolution: {integrity: sha512-bLGGlR1QxBcynn2d5YmDX4MGjlZvy2MRBDRNHLJ8VI6l6+9FUiyTFNJ0IveOSP0bcXgVDPRcfGqA0pjaqUpfVg==}
    dev: false

  /typescript@5.4.5:
    resolution: {integrity: sha512-vcI4UpRgg81oIRUFwR0WSIHKt11nJ7SAVlYNIu+QpqeyXP+gpQJy/Z4+F0aGxSE4MqwjyXvW/TzgkLAx2AGHwQ==}
    engines: {node: '>=14.17'}
    hasBin: true
    dev: true

  /undici-types@5.26.5:
    resolution: {integrity: sha512-JlCMO+ehdEIKqlFxk6IfVoAUVmgz7cU7zD/h9XZ0qzeosSHmUJVOzSQvvYSYWXkFXC+IfLKSIffhv0sVZup6pA==}
    dev: true
